
Microsoft Visual Studio Solution File, Format Version 12.00
# Visual Studio Version 16
VisualStudioVersion = 16.0.29609.76
MinimumVisualStudioVersion = 10.0.40219.1
Project("{FAE04EC0-301F-11D3-BF4B-00C04F79EFBC}") = "BaileyBorweinPlouffe", "BaileyBorweinPlouffe.csproj", "{5C065D54-AEF3-4B29-82C8-77642DF2D73C}"
EndProject
Global
	GlobalSection(SolutionConfigurationPlatforms) = preSolution
		Debug|Any CPU = Debug|Any CPU
		Release|Any CPU = Release|Any CPU
	EndGlobalSection
	GlobalSection(ProjectConfigurationPlatforms) = postSolution
		{5C065D54-AEF3-4B29-82C8-77642DF2D73C}.Debug|Any CPU.ActiveCfg = Debug|Any CPU
		{5C065D54-AEF3-4B29-82C8-77642DF2D73C}.Debug|Any CPU.Build.0 = Debug|Any CPU
		{5C065D54-AEF3-4B29-82C8-77642DF2D73C}.Release|Any CPU.ActiveCfg = Release|Any CPU
		{5C065D54-AEF3-4B29-82C8-77642DF2D73C}.Release|Any CPU.Build.0 = Release|Any CPU
	EndGlobalSection
	GlobalSection(SolutionProperties) = preSolution
		HideSolutionNode = FALSE
	EndGlobalSection
	GlobalSection(ExtensibilityGlobals) = postSolution
		SolutionGuid = {79D3E709-2B6B-43D6-8126-AFF43CA840BF}
	EndGlobalSection
EndGlobal
